
Microsoft Visual Studio Solution File, Format Version 12.00
Project("{FAE04EC0-301F-11D3-BF4B-00C04F79EFBC}") = "WebApplicationDemoTask", "WebApplicationDemoTask\WebApplicationDemoTask.csproj", "{16CC8108-B7B9-4B68-8E5C-FAD02284DCB4}"
EndProject
Global
	GlobalSection(SolutionConfigurationPlatforms) = preSolution
		Debug|Any CPU = Debug|Any CPU
		Release|Any CPU = Release|Any CPU
	EndGlobalSection
	GlobalSection(ProjectConfigurationPlatforms) = postSolution
		{16CC8108-B7B9-4B68-8E5C-FAD02284DCB4}.Debug|Any CPU.ActiveCfg = Debug|Any CPU
		{16CC8108-B7B9-4B68-8E5C-FAD02284DCB4}.Debug|Any CPU.Build.0 = Debug|Any CPU
		{16CC8108-B7B9-4B68-8E5C-FAD02284DCB4}.Release|Any CPU.ActiveCfg = Release|Any CPU
		{16CC8108-B7B9-4B68-8E5C-FAD02284DCB4}.Release|Any CPU.Build.0 = Release|Any CPU
	EndGlobalSection
EndGlobal
